<Solution>
  <Project Path="CodeGraph.CopilotAccelerator.Analyzers.Roslyn/CodeGraph.CopilotAccelerator.Analyzers.Roslyn.csproj" />
  <Project Path="CodeGraph.CopilotAccelerator.Cli/CodeGraph.CopilotAccelerator.Cli.csproj" />
  <Project Path="CodeGraph.CopilotAccelerator.Core/CodeGraph.CopilotAccelerator.Core.csproj" />
  <Project Path="CodeGraph.CopilotAccelerator.Graph.Abstractions/CodeGraph.CopilotAccelerator.Graph.Abstractions.csproj" />
  <Project Path="CodeGraph.CopilotAccelerator.Graph.Local/CodeGraph.CopilotAccelerator.Graph.Local.csproj" />
  <Project Path="CodeGraph.CopilotAccelerator.Indexer/CodeGraph.CopilotAccelerator.Indexer.csproj" />
  <Project Path="CodeGraph.CopilotAccelerator.McpServer/CodeGraph.CopilotAccelerator.McpServer.csproj" />
  <Project Path="CodeGraph.CopilotAccelerator.QueryEngine/CodeGraph.CopilotAccelerator.QueryEngine.csproj" />
</Solution>
